<?xml version="1.0" encoding="UTF-8"?>
<CodeBlocks_project_file>
	<FileVersion major="1" minor="6"/>
	<Project>
		<Option title="Type_aliase"/>
		<Option makefile_is_custom="1"/>
		<Option compiler="gcc"/>
		<Option virtualFolders="CMake Files\;"/>
		<Build>
			<Target title="all">
				<Option working_dir="/home/mateusz/Dokumenty/KursCpp/Cpplab2/build-Type_aliase-Desktop-Default"/>
				<Option type="4"/>
				<MakeCommands>
					<Build command="/usr/bin/make -j4 -f &quot;/home/mateusz/Dokumenty/KursCpp/Cpplab2/build-Type_aliase-Desktop-Default/Makefile&quot;  VERBOSE=1 all"/>
					<CompileFile command="/usr/bin/make -j4 -f &quot;/home/mateusz/Dokumenty/KursCpp/Cpplab2/build-Type_aliase-Desktop-Default/Makefile&quot;  VERBOSE=1 &quot;$file&quot;"/>
					<Clean command="/usr/bin/make -j4 -f &quot;/home/mateusz/Dokumenty/KursCpp/Cpplab2/build-Type_aliase-Desktop-Default/Makefile&quot;  VERBOSE=1 clean"/>
					<DistClean command="/usr/bin/make -j4 -f &quot;/home/mateusz/Dokumenty/KursCpp/Cpplab2/build-Type_aliase-Desktop-Default/Makefile&quot;  VERBOSE=1 clean"/>
				</MakeCommands>
			</Target>
			<Target title="rebuild_cache">
				<Option working_dir="/home/mateusz/Dokumenty/KursCpp/Cpplab2/build-Type_aliase-Desktop-Default"/>
				<Option type="4"/>
				<MakeCommands>
					<Build command="/usr/bin/make -j4 -f &quot;/home/mateusz/Dokumenty/KursCpp/Cpplab2/build-Type_aliase-Desktop-Default/Makefile&quot;  VERBOSE=1 rebuild_cache"/>
					<CompileFile command="/usr/bin/make -j4 -f &quot;/home/mateusz/Dokumenty/KursCpp/Cpplab2/build-Type_aliase-Desktop-Default/Makefile&quot;  VERBOSE=1 &quot;$file&quot;"/>
					<Clean command="/usr/bin/make -j4 -f &quot;/home/mateusz/Dokumenty/KursCpp/Cpplab2/build-Type_aliase-Desktop-Default/Makefile&quot;  VERBOSE=1 clean"/>
					<DistClean command="/usr/bin/make -j4 -f &quot;/home/mateusz/Dokumenty/KursCpp/Cpplab2/build-Type_aliase-Desktop-Default/Makefile&quot;  VERBOSE=1 clean"/>
				</MakeCommands>
			</Target>
			<Target title="Type_aliase">
				<Option output="/home/mateusz/Dokumenty/KursCpp/Cpplab2/build-Type_aliase-Desktop-Default/Type_aliase" prefix_auto="0" extension_auto="0"/>
				<Option working_dir="/home/mateusz/Dokumenty/KursCpp/Cpplab2/build-Type_aliase-Desktop-Default"/>
				<Option object_output="./"/>
				<Option type="1"/>
				<Option compiler="gcc"/>
				<Compiler>
					<Add directory="/usr/include/c++/7"/>
					<Add directory="/usr/include/x86_64-linux-gnu/c++/7"/>
					<Add directory="/usr/include/c++/7/backward"/>
					<Add directory="/usr/lib/gcc/x86_64-linux-gnu/7/include"/>
					<Add directory="/usr/local/include"/>
					<Add directory="/usr/lib/gcc/x86_64-linux-gnu/7/include-fixed"/>
					<Add directory="/usr/include/x86_64-linux-gnu"/>
					<Add directory="/usr/include"/>
				</Compiler>
				<MakeCommands>
					<Build command="/usr/bin/make -j4 -f &quot;/home/mateusz/Dokumenty/KursCpp/Cpplab2/build-Type_aliase-Desktop-Default/Makefile&quot;  VERBOSE=1 Type_aliase"/>
					<CompileFile command="/usr/bin/make -j4 -f &quot;/home/mateusz/Dokumenty/KursCpp/Cpplab2/build-Type_aliase-Desktop-Default/Makefile&quot;  VERBOSE=1 &quot;$file&quot;"/>
					<Clean command="/usr/bin/make -j4 -f &quot;/home/mateusz/Dokumenty/KursCpp/Cpplab2/build-Type_aliase-Desktop-Default/Makefile&quot;  VERBOSE=1 clean"/>
					<DistClean command="/usr/bin/make -j4 -f &quot;/home/mateusz/Dokumenty/KursCpp/Cpplab2/build-Type_aliase-Desktop-Default/Makefile&quot;  VERBOSE=1 clean"/>
				</MakeCommands>
			</Target>
			<Target title="Type_aliase/fast">
				<Option output="/home/mateusz/Dokumenty/KursCpp/Cpplab2/build-Type_aliase-Desktop-Default/Type_aliase" prefix_auto="0" extension_auto="0"/>
				<Option working_dir="/home/mateusz/Dokumenty/KursCpp/Cpplab2/build-Type_aliase-Desktop-Default"/>
				<Option object_output="./"/>
				<Option type="1"/>
				<Option compiler="gcc"/>
				<Compiler>
					<Add directory="/usr/include/c++/7"/>
					<Add directory="/usr/include/x86_64-linux-gnu/c++/7"/>
					<Add directory="/usr/include/c++/7/backward"/>
					<Add directory="/usr/lib/gcc/x86_64-linux-gnu/7/include"/>
					<Add directory="/usr/local/include"/>
					<Add directory="/usr/lib/gcc/x86_64-linux-gnu/7/include-fixed"/>
					<Add directory="/usr/include/x86_64-linux-gnu"/>
					<Add directory="/usr/include"/>
				</Compiler>
				<MakeCommands>
					<Build command="/usr/bin/make -j4 -f &quot;/home/mateusz/Dokumenty/KursCpp/Cpplab2/build-Type_aliase-Desktop-Default/Makefile&quot;  VERBOSE=1 Type_aliase/fast"/>
					<CompileFile command="/usr/bin/make -j4 -f &quot;/home/mateusz/Dokumenty/KursCpp/Cpplab2/build-Type_aliase-Desktop-Default/Makefile&quot;  VERBOSE=1 &quot;$file&quot;"/>
					<Clean command="/usr/bin/make -j4 -f &quot;/home/mateusz/Dokumenty/KursCpp/Cpplab2/build-Type_aliase-Desktop-Default/Makefile&quot;  VERBOSE=1 clean"/>
					<DistClean command="/usr/bin/make -j4 -f &quot;/home/mateusz/Dokumenty/KursCpp/Cpplab2/build-Type_aliase-Desktop-Default/Makefile&quot;  VERBOSE=1 clean"/>
				</MakeCommands>
			</Target>
			<Target title="edit_cache">
				<Option working_dir="/home/mateusz/Dokumenty/KursCpp/Cpplab2/build-Type_aliase-Desktop-Default"/>
				<Option type="4"/>
				<MakeCommands>
					<Build command="/usr/bin/make -j4 -f &quot;/home/mateusz/Dokumenty/KursCpp/Cpplab2/build-Type_aliase-Desktop-Default/Makefile&quot;  VERBOSE=1 edit_cache"/>
					<CompileFile command="/usr/bin/make -j4 -f &quot;/home/mateusz/Dokumenty/KursCpp/Cpplab2/build-Type_aliase-Desktop-Default/Makefile&quot;  VERBOSE=1 &quot;$file&quot;"/>
					<Clean command="/usr/bin/make -j4 -f &quot;/home/mateusz/Dokumenty/KursCpp/Cpplab2/build-Type_aliase-Desktop-Default/Makefile&quot;  VERBOSE=1 clean"/>
					<DistClean command="/usr/bin/make -j4 -f &quot;/home/mateusz/Dokumenty/KursCpp/Cpplab2/build-Type_aliase-Desktop-Default/Makefile&quot;  VERBOSE=1 clean"/>
				</MakeCommands>
			</Target>
		</Build>
		<Unit filename="/home/mateusz/Dokumenty/KursCpp/Cpplab2/Type_aliase/main.cpp">
			<Option target="Type_aliase"/>
		</Unit>
		<Unit filename="/home/mateusz/Dokumenty/KursCpp/Cpplab2/Type_aliase/CMakeLists.txt">
			<Option virtualFolder="CMake Files\"/>
		</Unit>
	</Project>
</CodeBlocks_project_file>
